// !$*UTF8*$!
{
	archiveVersion = 1;
	classes = {
	};
	objectVersion = 50;
	objects = {

/* Begin PBXBuildFile section */
		BC1C9A2725CBCF9C00CF9BF4 /* Firmware.h in Headers */ = {isa = PBXBuildFile; fileRef = BC1C9A2625CBCF9C00CF9BF4 /* Firmware.h */; };
		BC8978BF25CBCA2500D6FFEF /* Ath3KBluetoothFirmware.cpp in Sources */ = {isa = PBXBuildFile; fileRef = BC8978B825CBCA2500D6FFEF /* Ath3KBluetoothFirmware.cpp */; };
		BC8978C025CBCA2500D6FFEF /* Ath3KBluetoothFirmware.hpp in Headers */ = {isa = PBXBuildFile; fileRef = BC8978B925CBCA2500D6FFEF /* Ath3KBluetoothFirmware.hpp */; };
		BC8978C225CBCA2500D6FFEF /* Common.h in Headers */ = {isa = PBXBuildFile; fileRef = BC8978BB25CBCA2500D6FFEF /* Common.h */; };
/* End PBXBuildFile section */

/* Begin PBXFileReference section */
		BC1C9A2625CBCF9C00CF9BF4 /* Firmware.h */ = {isa = PBXFileReference; fileEncoding = 4; lastKnownFileType = sourcecode.c.h; path = Firmware.h; sourceTree = "<group>"; };
		BC1C9A2D25CBD59000CF9BF4 /* Ath3KBluetoothInjector.kext */ = {isa = PBXFileReference; explicitFileType = wrapper.cfbundle; includeInIndex = 0; path = Ath3KBluetoothInjector.kext; sourceTree = BUILT_PRODUCTS_DIR; };
		BC1C9A3825CD6B7A00CF9BF4 /* Info.plist */ = {isa = PBXFileReference; lastKnownFileType = text.plist.xml; path = Info.plist; sourceTree = "<group>"; };
		BC8978A625CBC89A00D6FFEF /* Ath3KBluetoothFirmware.kext */ = {isa = PBXFileReference; explicitFileType = wrapper.cfbundle; includeInIndex = 0; path = Ath3KBluetoothFirmware.kext; sourceTree = BUILT_PRODUCTS_DIR; };
		BC8978B825CBCA2500D6FFEF /* Ath3KBluetoothFirmware.cpp */ = {isa = PBXFileReference; fileEncoding = 4; lastKnownFileType = sourcecode.cpp.cpp; path = Ath3KBluetoothFirmware.cpp; sourceTree = "<group>"; };
		BC8978B925CBCA2500D6FFEF /* Ath3KBluetoothFirmware.hpp */ = {isa = PBXFileReference; fileEncoding = 4; lastKnownFileType = sourcecode.cpp.h; path = Ath3KBluetoothFirmware.hpp; sourceTree = "<group>"; };
		BC8978BA25CBCA2500D6FFEF /* Info.plist */ = {isa = PBXFileReference; fileEncoding = 4; lastKnownFileType = text.plist.xml; path = Info.plist; sourceTree = "<group>"; };
		BC8978BB25CBCA2500D6FFEF /* Common.h */ = {isa = PBXFileReference; fileEncoding = 4; lastKnownFileType = sourcecode.c.h; path = Common.h; sourceTree = "<group>"; };
/* End PBXFileReference section */

/* Begin PBXFrameworksBuildPhase section */
		BC1C9A2A25CBD59000CF9BF4 /* Frameworks */ = {
			isa = PBXFrameworksBuildPhase;
			buildActionMask = 2147483647;
			files = (
			);
			runOnlyForDeploymentPostprocessing = 0;
		};
		BC8978A325CBC89A00D6FFEF /* Frameworks */ = {
			isa = PBXFrameworksBuildPhase;
			buildActionMask = 2147483647;
			files = (
			);
			runOnlyForDeploymentPostprocessing = 0;
		};
/* End PBXFrameworksBuildPhase section */

/* Begin PBXGroup section */
		BC1C9A3725CD699B00CF9BF4 /* Ath3KBluetoothInjector */ = {
			isa = PBXGroup;
			children = (
				BC1C9A3825CD6B7A00CF9BF4 /* Info.plist */,
			);
			path = Ath3KBluetoothInjector;
			sourceTree = "<group>";
		};
		BC89789C25CBC89A00D6FFEF = {
			isa = PBXGroup;
			children = (
				BC8978A825CBC89A00D6FFEF /* Ath3KBluetoothFirmware */,
				BC1C9A3725CD699B00CF9BF4 /* Ath3KBluetoothInjector */,
				BC8978A725CBC89A00D6FFEF /* Products */,
			);
			sourceTree = "<group>";
		};
		BC8978A725CBC89A00D6FFEF /* Products */ = {
			isa = PBXGroup;
			children = (
				BC8978A625CBC89A00D6FFEF /* Ath3KBluetoothFirmware.kext */,
				BC1C9A2D25CBD59000CF9BF4 /* Ath3KBluetoothInjector.kext */,
			);
			name = Products;
			sourceTree = "<group>";
		};
		BC8978A825CBC89A00D6FFEF /* Ath3KBluetoothFirmware */ = {
			isa = PBXGroup;
			children = (
				BC8978BB25CBCA2500D6FFEF /* Common.h */,
				BC1C9A2625CBCF9C00CF9BF4 /* Firmware.h */,
				BC8978B925CBCA2500D6FFEF /* Ath3KBluetoothFirmware.hpp */,
				BC8978B825CBCA2500D6FFEF /* Ath3KBluetoothFirmware.cpp */,
				BC8978BA25CBCA2500D6FFEF /* Info.plist */,
			);
			path = Ath3KBluetoothFirmware;
			sourceTree = "<group>";
		};
/* End PBXGroup section */

/* Begin PBXHeadersBuildPhase section */
		BC1C9A2825CBD59000CF9BF4 /* Headers */ = {
			isa = PBXHeadersBuildPhase;
			buildActionMask = 2147483647;
			files = (
			);
			runOnlyForDeploymentPostprocessing = 0;
		};
		BC8978A125CBC89A00D6FFEF /* Headers */ = {
			isa = PBXHeadersBuildPhase;
			buildActionMask = 2147483647;
			files = (
				BC8978C025CBCA2500D6FFEF /* Ath3KBluetoothFirmware.hpp in Headers */,
				BC8978C225CBCA2500D6FFEF /* Common.h in Headers */,
				BC1C9A2725CBCF9C00CF9BF4 /* Firmware.h in Headers */,
			);
			runOnlyForDeploymentPostprocessing = 0;
		};
/* End PBXHeadersBuildPhase section */

/* Begin PBXNativeTarget section */
		BC1C9A2C25CBD59000CF9BF4 /* Ath3KBluetoothInjector */ = {
			isa = PBXNativeTarget;
			buildConfigurationList = BC1C9A3425CBD59000CF9BF4 /* Build configuration list for PBXNativeTarget "Ath3KBluetoothInjector" */;
			buildPhases = (
				BC1C9A2825CBD59000CF9BF4 /* Headers */,
				BC1C9A2925CBD59000CF9BF4 /* Sources */,
				BC1C9A2A25CBD59000CF9BF4 /* Frameworks */,
				BC1C9A2B25CBD59000CF9BF4 /* Resources */,
			);
			buildRules = (
			);
			dependencies = (
			);
			name = Ath3KBluetoothInjector;
			productName = Ath3KBluetoothInjector;
			productReference = BC1C9A2D25CBD59000CF9BF4 /* Ath3KBluetoothInjector.kext */;
			productType = "com.apple.product-type.kernel-extension";
		};
		BC8978A525CBC89A00D6FFEF /* Ath3KBluetoothFirmware */ = {
			isa = PBXNativeTarget;
			buildConfigurationList = BC8978B025CBC89A00D6FFEF /* Build configuration list for PBXNativeTarget "Ath3KBluetoothFirmware" */;
			buildPhases = (
				BC8978A125CBC89A00D6FFEF /* Headers */,
				BC8978A225CBC89A00D6FFEF /* Sources */,
				BC8978A325CBC89A00D6FFEF /* Frameworks */,
				BC8978A425CBC89A00D6FFEF /* Resources */,
			);
			buildRules = (
			);
			dependencies = (
			);
			name = Ath3KBluetoothFirmware;
			productName = Ath3KBluetoothFirmware;
			productReference = BC8978A625CBC89A00D6FFEF /* Ath3KBluetoothFirmware.kext */;
			productType = "com.apple.product-type.kernel-extension";
		};
/* End PBXNativeTarget section */

/* Begin PBXProject section */
		BC89789D25CBC89A00D6FFEF /* Project object */ = {
			isa = PBXProject;
			attributes = {
				LastUpgradeCheck = 1130;
				ORGANIZATIONNAME = "Charlie Jiang";
				TargetAttributes = {
					BC1C9A2C25CBD59000CF9BF4 = {
						CreatedOnToolsVersion = 11.3.1;
					};
					BC8978A525CBC89A00D6FFEF = {
						CreatedOnToolsVersion = 11.3.1;
					};
				};
			};
			buildConfigurationList = BC8978A025CBC89A00D6FFEF /* Build configuration list for PBXProject "Ath3KBluetoothFirmware" */;
			compatibilityVersion = "Xcode 9.3";
			developmentRegion = en;
			hasScannedForEncodings = 0;
			knownRegions = (
				en,
				Base,
			);
			mainGroup = BC89789C25CBC89A00D6FFEF;
			productRefGroup = BC8978A725CBC89A00D6FFEF /* Products */;
			projectDirPath = "";
			projectRoot = "";
			targets = (
				BC8978A525CBC89A00D6FFEF /* Ath3KBluetoothFirmware */,
				BC1C9A2C25CBD59000CF9BF4 /* Ath3KBluetoothInjector */,
			);
		};
/* End PBXProject section */

/* Begin PBXResourcesBuildPhase section */
		BC1C9A2B25CBD59000CF9BF4 /* Resources */ = {
			isa = PBXResourcesBuildPhase;
			buildActionMask = 2147483647;
			files = (
			);
			runOnlyForDeploymentPostprocessing = 0;
		};
		BC8978A425CBC89A00D6FFEF /* Resources */ = {
			isa = PBXResourcesBuildPhase;
			buildActionMask = 2147483647;
			files = (
			);
			runOnlyForDeploymentPostprocessing = 0;
		};
/* End PBXResourcesBuildPhase section */

/* Begin PBXSourcesBuildPhase section */
		BC1C9A2925CBD59000CF9BF4 /* Sources */ = {
			isa = PBXSourcesBuildPhase;
			buildActionMask = 2147483647;
			files = (
			);
			runOnlyForDeploymentPostprocessing = 0;
		};
		BC8978A225CBC89A00D6FFEF /* Sources */ = {
			isa = PBXSourcesBuildPhase;
			buildActionMask = 2147483647;
			files = (
				BC8978BF25CBCA2500D6FFEF /* Ath3KBluetoothFirmware.cpp in Sources */,
			);
			runOnlyForDeploymentPostprocessing = 0;
		};
/* End PBXSourcesBuildPhase section */

/* Begin XCBuildConfiguration section */
		BC1C9A3525CBD59000CF9BF4 /* Debug */ = {
			isa = XCBuildConfiguration;
			buildSettings = {
				CODE_SIGN_STYLE = Automatic;
				COMBINE_HIDPI_IMAGES = YES;
				CURRENT_PROJECT_VERSION = 1.1.0;
				INFOPLIST_FILE = Ath3KBluetoothInjector/Info.plist;
				MARKETING_VERSION = 1.1.0;
				MODULE_NAME = com.cjiang.Ath3KBluetoothInjector;
				MODULE_VERSION = 1.1.0;
				PRODUCT_BUNDLE_IDENTIFIER = com.cjiang.Ath3KBluetoothInjector;
				PRODUCT_NAME = "$(TARGET_NAME)";
				WRAPPER_EXTENSION = kext;
			};
			name = Debug;
		};
		BC1C9A3625CBD59000CF9BF4 /* Release */ = {
			isa = XCBuildConfiguration;
			buildSettings = {
				CODE_SIGN_STYLE = Automatic;
				COMBINE_HIDPI_IMAGES = YES;
				CURRENT_PROJECT_VERSION = 1.1.0;
				INFOPLIST_FILE = Ath3KBluetoothInjector/Info.plist;
				MARKETING_VERSION = 1.1.0;
				MODULE_NAME = com.cjiang.Ath3KBluetoothInjector;
				MODULE_VERSION = 1.1.0;
				PRODUCT_BUNDLE_IDENTIFIER = com.cjiang.Ath3KBluetoothInjector;
				PRODUCT_NAME = "$(TARGET_NAME)";
				WRAPPER_EXTENSION = kext;
			};
			name = Release;
		};
		BC8978AE25CBC89A00D6FFEF /* Debug */ = {
			isa = XCBuildConfiguration;
			buildSettings = {
				ALWAYS_SEARCH_USER_PATHS = NO;
				CLANG_ANALYZER_NONNULL = YES;
				CLANG_ANALYZER_NUMBER_OBJECT_CONVERSION = YES_AGGRESSIVE;
				CLANG_CXX_LANGUAGE_STANDARD = "gnu++17";
				CLANG_CXX_LIBRARY = "libc++";
				CLANG_ENABLE_MODULES = YES;
				CLANG_ENABLE_OBJC_ARC = YES;
				CLANG_ENABLE_OBJC_WEAK = YES;
				CLANG_WARN_BLOCK_CAPTURE_AUTORELEASING = YES;
				CLANG_WARN_BOOL_CONVERSION = YES;
				CLANG_WARN_COMMA = YES;
				CLANG_WARN_CONSTANT_CONVERSION = YES;
				CLANG_WARN_DEPRECATED_OBJC_IMPLEMENTATIONS = YES;
				CLANG_WARN_DIRECT_OBJC_ISA_USAGE = YES_ERROR;
				CLANG_WARN_DOCUMENTATION_COMMENTS = YES;
				CLANG_WARN_EMPTY_BODY = YES;
				CLANG_WARN_ENUM_CONVERSION = YES;
				CLANG_WARN_INFINITE_RECURSION = YES;
				CLANG_WARN_INT_CONVERSION = YES;
				CLANG_WARN_NON_LITERAL_NULL_CONVERSION = YES;
				CLANG_WARN_OBJC_IMPLICIT_RETAIN_SELF = YES;
				CLANG_WARN_OBJC_LITERAL_CONVERSION = YES;
				CLANG_WARN_OBJC_ROOT_CLASS = YES_ERROR;
				CLANG_WARN_RANGE_LOOP_ANALYSIS = YES;
				CLANG_WARN_STRICT_PROTOTYPES = YES;
				CLANG_WARN_SUSPICIOUS_MOVE = YES;
				CLANG_WARN_UNGUARDED_AVAILABILITY = YES_AGGRESSIVE;
				CLANG_WARN_UNREACHABLE_CODE = YES;
				CLANG_WARN__DUPLICATE_METHOD_MATCH = YES;
				COPY_PHASE_STRIP = NO;
				DEBUG_INFORMATION_FORMAT = dwarf;
				ENABLE_STRICT_OBJC_MSGSEND = YES;
				ENABLE_TESTABILITY = YES;
				GCC_C_LANGUAGE_STANDARD = gnu11;
				GCC_DYNAMIC_NO_PIC = NO;
				GCC_NO_COMMON_BLOCKS = YES;
				GCC_OPTIMIZATION_LEVEL = 0;
				GCC_PREPROCESSOR_DEFINITIONS = (
					"DEBUG=1",
					"$(inherited)",
				);
				GCC_WARN_64_TO_32_BIT_CONVERSION = YES;
				GCC_WARN_ABOUT_RETURN_TYPE = YES_ERROR;
				GCC_WARN_UNDECLARED_SELECTOR = YES;
				GCC_WARN_UNINITIALIZED_AUTOS = YES_AGGRESSIVE;
				GCC_WARN_UNUSED_FUNCTION = YES;
				GCC_WARN_UNUSED_VARIABLE = YES;
				MACOSX_DEPLOYMENT_TARGET = 10.15;
				MTL_ENABLE_DEBUG_INFO = INCLUDE_SOURCE;
				MTL_FAST_MATH = YES;
				ONLY_ACTIVE_ARCH = YES;
				PRODUCT_MODULE_NAME = Ath3KBluetoothFirmware;
				PRODUCT_NAME = Ath3KBluetoothFirmware;
				SDKROOT = macosx;
			};
			name = Debug;
		};
		BC8978AF25CBC89A00D6FFEF /* Release */ = {
			isa = XCBuildConfiguration;
			buildSettings = {
				ALWAYS_SEARCH_USER_PATHS = NO;
				CLANG_ANALYZER_NONNULL = YES;
				CLANG_ANALYZER_NUMBER_OBJECT_CONVERSION = YES_AGGRESSIVE;
				CLANG_CXX_LANGUAGE_STANDARD = "gnu++17";
				CLANG_CXX_LIBRARY = "libc++";
				CLANG_ENABLE_MODULES = YES;
				CLANG_ENABLE_OBJC_ARC = YES;
				CLANG_ENABLE_OBJC_WEAK = YES;
				CLANG_WARN_BLOCK_CAPTURE_AUTORELEASING = YES;
				CLANG_WARN_BOOL_CONVERSION = YES;
				CLANG_WARN_COMMA = YES;
				CLANG_WARN_CONSTANT_CONVERSION = YES;
				CLANG_WARN_DEPRECATED_OBJC_IMPLEMENTATIONS = YES;
				CLANG_WARN_DIRECT_OBJC_ISA_USAGE = YES_ERROR;
				CLANG_WARN_DOCUMENTATION_COMMENTS = YES;
				CLANG_WARN_EMPTY_BODY = YES;
				CLANG_WARN_ENUM_CONVERSION = YES;
				CLANG_WARN_INFINITE_RECURSION = YES;
				CLANG_WARN_INT_CONVERSION = YES;
				CLANG_WARN_NON_LITERAL_NULL_CONVERSION = YES;
				CLANG_WARN_OBJC_IMPLICIT_RETAIN_SELF = YES;
				CLANG_WARN_OBJC_LITERAL_CONVERSION = YES;
				CLANG_WARN_OBJC_ROOT_CLASS = YES_ERROR;
				CLANG_WARN_RANGE_LOOP_ANALYSIS = YES;
				CLANG_WARN_STRICT_PROTOTYPES = YES;
				CLANG_WARN_SUSPICIOUS_MOVE = YES;
				CLANG_WARN_UNGUARDED_AVAILABILITY = YES_AGGRESSIVE;
				CLANG_WARN_UNREACHABLE_CODE = YES;
				CLANG_WARN__DUPLICATE_METHOD_MATCH = YES;
				COPY_PHASE_STRIP = NO;
				DEBUG_INFORMATION_FORMAT = "dwarf-with-dsym";
				ENABLE_NS_ASSERTIONS = NO;
				ENABLE_STRICT_OBJC_MSGSEND = YES;
				GCC_C_LANGUAGE_STANDARD = gnu11;
				GCC_NO_COMMON_BLOCKS = YES;
				GCC_WARN_64_TO_32_BIT_CONVERSION = YES;
				GCC_WARN_ABOUT_RETURN_TYPE = YES_ERROR;
				GCC_WARN_UNDECLARED_SELECTOR = YES;
				GCC_WARN_UNINITIALIZED_AUTOS = YES_AGGRESSIVE;
				GCC_WARN_UNUSED_FUNCTION = YES;
				GCC_WARN_UNUSED_VARIABLE = YES;
				MACOSX_DEPLOYMENT_TARGET = 10.15;
				MTL_ENABLE_DEBUG_INFO = NO;
				MTL_FAST_MATH = YES;
				ONLY_ACTIVE_ARCH = YES;
				PRODUCT_MODULE_NAME = Ath3KBluetoothFirmware;
				PRODUCT_NAME = Ath3KBluetoothFirmware;
				SDKROOT = macosx;
			};
			name = Release;
		};
		BC8978B125CBC89A00D6FFEF /* Debug */ = {
			isa = XCBuildConfiguration;
			buildSettings = {
				CODE_SIGN_STYLE = Automatic;
				COMBINE_HIDPI_IMAGES = YES;
				CURRENT_PROJECT_VERSION = 1.1.0;
				INFOPLIST_FILE = Ath3KBluetoothFirmware/Info.plist;
				MARKETING_VERSION = 1.1.0;
				MODULE_NAME = com.cjiang.Ath3KBluetoothFirmware;
				MODULE_VERSION = 1.1.0;
				PRODUCT_BUNDLE_IDENTIFIER = com.cjiang.Ath3KBluetoothFirmware;
				PRODUCT_MODULE_NAME = Ath3KBluetoothFirmware;
				PRODUCT_NAME = "$(TARGET_NAME)";
				WRAPPER_EXTENSION = kext;
			};
			name = Debug;
		};
		BC8978B225CBC89A00D6FFEF /* Release */ = {
			isa = XCBuildConfiguration;
			buildSettings = {
				CODE_SIGN_STYLE = Automatic;
				COMBINE_HIDPI_IMAGES = YES;
				CURRENT_PROJECT_VERSION = 1.1.0;
				INFOPLIST_FILE = Ath3KBluetoothFirmware/Info.plist;
				MARKETING_VERSION = 1.1.0;
				MODULE_NAME = com.cjiang.Ath3KBluetoothFirmware;
				MODULE_VERSION = 1.1.0;
				PRODUCT_BUNDLE_IDENTIFIER = com.cjiang.Ath3KBluetoothFirmware;
				PRODUCT_MODULE_NAME = Ath3KBluetoothFirmware;
				PRODUCT_NAME = "$(TARGET_NAME)";
				WRAPPER_EXTENSION = kext;
			};
			name = Release;
		};
/* End XCBuildConfiguration section */

/* Begin XCConfigurationList section */
		BC1C9A3425CBD59000CF9BF4 /* Build configuration list for PBXNativeTarget "Ath3KBluetoothInjector" */ = {
			isa = XCConfigurationList;
			buildConfigurations = (
				BC1C9A3525CBD59000CF9BF4 /* Debug */,
				BC1C9A3625CBD59000CF9BF4 /* Release */,
			);
			defaultConfigurationIsVisible = 0;
			defaultConfigurationName = Release;
		};
		BC8978A025CBC89A00D6FFEF /* Build configuration list for PBXProject "Ath3KBluetoothFirmware" */ = {
			isa = XCConfigurationList;
			buildConfigurations = (
				BC8978AE25CBC89A00D6FFEF /* Debug */,
				BC8978AF25CBC89A00D6FFEF /* Release */,
			);
			defaultConfigurationIsVisible = 0;
			defaultConfigurationName = Release;
		};
		BC8978B025CBC89A00D6FFEF /* Build configuration list for PBXNativeTarget "Ath3KBluetoothFirmware" */ = {
			isa = XCConfigurationList;
			buildConfigurations = (
				BC8978B125CBC89A00D6FFEF /* Debug */,
				BC8978B225CBC89A00D6FFEF /* Release */,
			);
			defaultConfigurationIsVisible = 0;
			defaultConfigurationName = Release;
		};
/* End XCConfigurationList section */
	};
	rootObject = BC89789D25CBC89A00D6FFEF /* Project object */;
}
